{
  "name": "InfoTech-X",
  "lockfileVersion": 3,
  "requires": true,
  "packages": {
    "": {
      "dependencies": {
        "@auth0/auth0-spa-js": "^2.1.3",
        "@google/generative-ai": "^0.16.0"
      }
    },
    "node_modules/@auth0/auth0-spa-js": {
      "version": "2.1.3",
      "resolved": "https://registry.npmjs.org/@auth0/auth0-spa-js/-/auth0-spa-js-2.1.3.tgz",
      "integrity": "sha512-NMTBNuuG4g3rame1aCnNS5qFYIzsTUV5qTFPRfTyYFS1feS6jsCBR+eTq9YkxCp1yuoM2UIcjunPaoPl77U9xQ=="
    },
    "node_modules/@google/generative-ai": {
      "version": "0.16.0",
      "resolved": "https://registry.npmjs.org/@google/generative-ai/-/generative-ai-0.16.0.tgz",
      "integrity": "sha512-doB5ZNxS6m+jUZqaLCeYXfBZCdq6Ho0ibkq5/17xe1qAUZpCLWlvCDGtqFPqqO+yezNmvGatS0KhV22yiOT3DA==",
      "engines": {
        "node": ">=18.0.0"
      }
    }
  }
}
